// !$*UTF8*$!
{
	archiveVersion = 1;
	classes = {
	};
	objectVersion = 46;
	objects = {

/* Begin PBXBuildFile section */
		B336B5B41C0D4AE000F31DBB /* WhitelistViewController.swift in Sources */ = {isa = PBXBuildFile; fileRef = B336B5B31C0D4AE000F31DBB /* WhitelistViewController.swift */; };
		B336B5B81C0D5A7700F31DBB /* ContentBlockerFileManager.swift in Sources */ = {isa = PBXBuildFile; fileRef = B336B5B71C0D5A7700F31DBB /* ContentBlockerFileManager.swift */; };
		B336B5BD1C1027F500F31DBB /* ContentBlockerFileManager.swift in Sources */ = {isa = PBXBuildFile; fileRef = B336B5B71C0D5A7700F31DBB /* ContentBlockerFileManager.swift */; };
		B336B5BF1C102C4B00F31DBB /* blockerList.json in Resources */ = {isa = PBXBuildFile; fileRef = B336B5BE1C102C4B00F31DBB /* blockerList.json */; };
		B336B5D11C1122EF00F31DBB /* AddWhitelistItemViewController.swift in Sources */ = {isa = PBXBuildFile; fileRef = B336B5D01C1122EF00F31DBB /* AddWhitelistItemViewController.swift */; };
		B336B5D31C1150C400F31DBB /* WhitelistRuleFactory.swift in Sources */ = {isa = PBXBuildFile; fileRef = B336B5D21C1150C400F31DBB /* WhitelistRuleFactory.swift */; };
		B336B5D51C11527C00F31DBB /* WhitelistRuleFactoryTests.swift in Sources */ = {isa = PBXBuildFile; fileRef = B336B5D41C11527C00F31DBB /* WhitelistRuleFactoryTests.swift */; };
		B336B5D61C11529200F31DBB /* WhitelistRuleFactory.swift in Sources */ = {isa = PBXBuildFile; fileRef = B336B5D21C1150C400F31DBB /* WhitelistRuleFactory.swift */; };
		B336B5D81C11538C00F31DBB /* TestWhitelist.json in Resources */ = {isa = PBXBuildFile; fileRef = B336B5D71C11538C00F31DBB /* TestWhitelist.json */; };
		B37EAA391C067245002D3925 /* defaultList.json in Resources */ = {isa = PBXBuildFile; fileRef = B37EAA381C067245002D3925 /* defaultList.json */; };
		B37EAA3B1C067245002D3925 /* ActionRequestHandler.swift in Sources */ = {isa = PBXBuildFile; fileRef = B37EAA3A1C067245002D3925 /* ActionRequestHandler.swift */; };
		B37EAA3F1C067245002D3925 /* ContentBlocker.appex in Embed App Extensions */ = {isa = PBXBuildFile; fileRef = B37EAA361C067245002D3925 /* ContentBlocker.appex */; settings = {ATTRIBUTES = (RemoveHeadersOnCopy, ); }; };
		B380DA281C16B7DA001B30BA /* MergedRulesFileFactory.swift in Sources */ = {isa = PBXBuildFile; fileRef = B380DA271C16B7DA001B30BA /* MergedRulesFileFactory.swift */; };
		B380DA2B1C16D950001B30BA /* FileViewController.swift in Sources */ = {isa = PBXBuildFile; fileRef = B380DA2A1C16D950001B30BA /* FileViewController.swift */; };
		B394EC631C13CE8E009A1258 /* CustomRuleViewController.swift in Sources */ = {isa = PBXBuildFile; fileRef = B394EC621C13CE8E009A1258 /* CustomRuleViewController.swift */; };
		B394EC651C13D125009A1258 /* RuleListViewController.swift in Sources */ = {isa = PBXBuildFile; fileRef = B394EC641C13D125009A1258 /* RuleListViewController.swift */; };
		B394EC671C14EAC2009A1258 /* AddCustomRuleViewController.swift in Sources */ = {isa = PBXBuildFile; fileRef = B394EC661C14EAC2009A1258 /* AddCustomRuleViewController.swift */; };
		B394EC691C14EF44009A1258 /* AddItemViewController.swift in Sources */ = {isa = PBXBuildFile; fileRef = B394EC681C14EF44009A1258 /* AddItemViewController.swift */; };
		B394EC6B1C1661BE009A1258 /* CustomRuleFactory.swift in Sources */ = {isa = PBXBuildFile; fileRef = B394EC6A1C1661BE009A1258 /* CustomRuleFactory.swift */; };
		B398DAB01C0673C700F9F340 /* ContentBlockerRuleManager.swift in Sources */ = {isa = PBXBuildFile; fileRef = B398DAAF1C0673C700F9F340 /* ContentBlockerRuleManager.swift */; };
		B398DAB21C0678EA00F9F340 /* ContentBlockerRule.swift in Sources */ = {isa = PBXBuildFile; fileRef = B398DAB11C0678EA00F9F340 /* ContentBlockerRule.swift */; };
		B3DFA07A1C0698DF00A89BC6 /* ContentBlockerRuleManager.swift in Sources */ = {isa = PBXBuildFile; fileRef = B398DAAF1C0673C700F9F340 /* ContentBlockerRuleManager.swift */; };
		B3DFA07B1C0698EA00A89BC6 /* ContentBlockerRule.swift in Sources */ = {isa = PBXBuildFile; fileRef = B398DAB11C0678EA00F9F340 /* ContentBlockerRule.swift */; };
		B3DFA07F1C06999200A89BC6 /* ContentBlockerTests.swift in Sources */ = {isa = PBXBuildFile; fileRef = B3DFA07E1C06999200A89BC6 /* ContentBlockerTests.swift */; };
		B3DFA0811C069B6700A89BC6 /* TestContentBlocker.json in Resources */ = {isa = PBXBuildFile; fileRef = B3DFA0801C069B6700A89BC6 /* TestContentBlocker.json */; };
		B3E37A5D1C18EF8200D30E73 /* FormEnumValueTransform.swift in Sources */ = {isa = PBXBuildFile; fileRef = B3E37A5C1C18EF8200D30E73 /* FormEnumValueTransform.swift */; };
		B3F42BBF1C066797006D6575 /* AppDelegate.swift in Sources */ = {isa = PBXBuildFile; fileRef = B3F42BBE1C066797006D6575 /* AppDelegate.swift */; };
		B3F42BC11C066797006D6575 /* HomeViewController.swift in Sources */ = {isa = PBXBuildFile; fileRef = B3F42BC01C066797006D6575 /* HomeViewController.swift */; };
		B3F42BC41C066797006D6575 /* Main.storyboard in Resources */ = {isa = PBXBuildFile; fileRef = B3F42BC21C066797006D6575 /* Main.storyboard */; };
		B3F42BC61C066797006D6575 /* Assets.xcassets in Resources */ = {isa = PBXBuildFile; fileRef = B3F42BC51C066797006D6575 /* Assets.xcassets */; };
		B3F42BC91C066797006D6575 /* LaunchScreen.storyboard in Resources */ = {isa = PBXBuildFile; fileRef = B3F42BC71C066797006D6575 /* LaunchScreen.storyboard */; };
		B3F42BD41C066797006D6575 /* Garden_WallTests.swift in Sources */ = {isa = PBXBuildFile; fileRef = B3F42BD31C066797006D6575 /* Garden_WallTests.swift */; };
		B3F42BDF1C066797006D6575 /* Garden_WallUITests.swift in Sources */ = {isa = PBXBuildFile; fileRef = B3F42BDE1C066797006D6575 /* Garden_WallUITests.swift */; };
		C9EA042C342CF7441A0F590D /* Pods_Garden_Wall.framework in Frameworks */ = {isa = PBXBuildFile; fileRef = B7324FE3ABA1ACCFE4613234 /* Pods_Garden_Wall.framework */; };
/* End PBXBuildFile section */

/* Begin PBXContainerItemProxy section */
		B37EAA3D1C067245002D3925 /* PBXContainerItemProxy */ = {
			isa = PBXContainerItemProxy;
			containerPortal = B3F42BB31C066797006D6575 /* Project object */;
			proxyType = 1;
			remoteGlobalIDString = B37EAA351C067245002D3925;
			remoteInfo = ContentBlocker;
		};
		B3F42BD01C066797006D6575 /* PBXContainerItemProxy */ = {
			isa = PBXContainerItemProxy;
			containerPortal = B3F42BB31C066797006D6575 /* Project object */;
			proxyType = 1;
			remoteGlobalIDString = B3F42BBA1C066797006D6575;
			remoteInfo = "Garden Wall";
		};
		B3F42BDB1C066797006D6575 /* PBXContainerItemProxy */ = {
			isa = PBXContainerItemProxy;
			containerPortal = B3F42BB31C066797006D6575 /* Project object */;
			proxyType = 1;
			remoteGlobalIDString = B3F42BBA1C066797006D6575;
			remoteInfo = "Garden Wall";
		};
/* End PBXContainerItemProxy section */

/* Begin PBXCopyFilesBuildPhase section */
		B37EAA431C067245002D3925 /* Embed App Extensions */ = {
			isa = PBXCopyFilesBuildPhase;
			buildActionMask = 2147483647;
			dstPath = "";
			dstSubfolderSpec = 13;
			files = (
				B37EAA3F1C067245002D3925 /* ContentBlocker.appex in Embed App Extensions */,
			);
			name = "Embed App Extensions";
			runOnlyForDeploymentPostprocessing = 0;
		};
/* End PBXCopyFilesBuildPhase section */

/* Begin PBXFileReference section */
		1B2D18FCA77B029A10307463 /* Pods-Garden Wall.release.xcconfig */ = {isa = PBXFileReference; includeInIndex = 1; lastKnownFileType = text.xcconfig; name = "Pods-Garden Wall.release.xcconfig"; path = "Pods/Target Support Files/Pods-Garden Wall/Pods-Garden Wall.release.xcconfig"; sourceTree = "<group>"; };
		A1D5BC2C9BF39F466CD7FEEF /* Pods-Garden Wall.debug.xcconfig */ = {isa = PBXFileReference; includeInIndex = 1; lastKnownFileType = text.xcconfig; name = "Pods-Garden Wall.debug.xcconfig"; path = "Pods/Target Support Files/Pods-Garden Wall/Pods-Garden Wall.debug.xcconfig"; sourceTree = "<group>"; };
		B336B5B31C0D4AE000F31DBB /* WhitelistViewController.swift */ = {isa = PBXFileReference; fileEncoding = 4; lastKnownFileType = sourcecode.swift; path = WhitelistViewController.swift; sourceTree = "<group>"; };
		B336B5B71C0D5A7700F31DBB /* ContentBlockerFileManager.swift */ = {isa = PBXFileReference; fileEncoding = 4; lastKnownFileType = sourcecode.swift; path = ContentBlockerFileManager.swift; sourceTree = "<group>"; };
		B336B5BA1C0D681A00F31DBB /* Garden Wall.entitlements */ = {isa = PBXFileReference; lastKnownFileType = text.xml; path = "Garden Wall.entitlements"; sourceTree = "<group>"; };
		B336B5BC1C0EC2F200F31DBB /* ContentBlocker.entitlements */ = {isa = PBXFileReference; lastKnownFileType = text.xml; path = ContentBlocker.entitlements; sourceTree = "<group>"; };
		B336B5BE1C102C4B00F31DBB /* blockerList.json */ = {isa = PBXFileReference; fileEncoding = 4; lastKnownFileType = text.json; path = blockerList.json; sourceTree = "<group>"; };
		B336B5D01C1122EF00F31DBB /* AddWhitelistItemViewController.swift */ = {isa = PBXFileReference; fileEncoding = 4; lastKnownFileType = sourcecode.swift; path = AddWhitelistItemViewController.swift; sourceTree = "<group>"; };
		B336B5D21C1150C400F31DBB /* WhitelistRuleFactory.swift */ = {isa = PBXFileReference; fileEncoding = 4; lastKnownFileType = sourcecode.swift; path = WhitelistRuleFactory.swift; sourceTree = "<group>"; };
		B336B5D41C11527C00F31DBB /* WhitelistRuleFactoryTests.swift */ = {isa = PBXFileReference; fileEncoding = 4; lastKnownFileType = sourcecode.swift; path = WhitelistRuleFactoryTests.swift; sourceTree = "<group>"; };
		B336B5D71C11538C00F31DBB /* TestWhitelist.json */ = {isa = PBXFileReference; fileEncoding = 4; lastKnownFileType = text.json; path = TestWhitelist.json; sourceTree = "<group>"; };
		B37EAA361C067245002D3925 /* ContentBlocker.appex */ = {isa = PBXFileReference; explicitFileType = "wrapper.app-extension"; includeInIndex = 0; path = ContentBlocker.appex; sourceTree = BUILT_PRODUCTS_DIR; };
		B37EAA381C067245002D3925 /* defaultList.json */ = {isa = PBXFileReference; lastKnownFileType = text.json; path = defaultList.json; sourceTree = "<group>"; };
		B37EAA3A1C067245002D3925 /* ActionRequestHandler.swift */ = {isa = PBXFileReference; lastKnownFileType = sourcecode.swift; path = ActionRequestHandler.swift; sourceTree = "<group>"; };
		B37EAA3C1C067245002D3925 /* Info.plist */ = {isa = PBXFileReference; lastKnownFileType = text.plist.xml; path = Info.plist; sourceTree = "<group>"; };
		B380DA271C16B7DA001B30BA /* MergedRulesFileFactory.swift */ = {isa = PBXFileReference; fileEncoding = 4; lastKnownFileType = sourcecode.swift; path = MergedRulesFileFactory.swift; sourceTree = "<group>"; };
		B380DA2A1C16D950001B30BA /* FileViewController.swift */ = {isa = PBXFileReference; fileEncoding = 4; lastKnownFileType = sourcecode.swift; path = FileViewController.swift; sourceTree = "<group>"; };
		B394EC621C13CE8E009A1258 /* CustomRuleViewController.swift */ = {isa = PBXFileReference; fileEncoding = 4; lastKnownFileType = sourcecode.swift; path = CustomRuleViewController.swift; sourceTree = "<group>"; };
		B394EC641C13D125009A1258 /* RuleListViewController.swift */ = {isa = PBXFileReference; fileEncoding = 4; lastKnownFileType = sourcecode.swift; path = RuleListViewController.swift; sourceTree = "<group>"; };
		B394EC661C14EAC2009A1258 /* AddCustomRuleViewController.swift */ = {isa = PBXFileReference; fileEncoding = 4; lastKnownFileType = sourcecode.swift; path = AddCustomRuleViewController.swift; sourceTree = "<group>"; };
		B394EC681C14EF44009A1258 /* AddItemViewController.swift */ = {isa = PBXFileReference; fileEncoding = 4; lastKnownFileType = sourcecode.swift; path = AddItemViewController.swift; sourceTree = "<group>"; };
		B394EC6A1C1661BE009A1258 /* CustomRuleFactory.swift */ = {isa = PBXFileReference; fileEncoding = 4; lastKnownFileType = sourcecode.swift; path = CustomRuleFactory.swift; sourceTree = "<group>"; };
		B398DAAF1C0673C700F9F340 /* ContentBlockerRuleManager.swift */ = {isa = PBXFileReference; fileEncoding = 4; lastKnownFileType = sourcecode.swift; path = ContentBlockerRuleManager.swift; sourceTree = "<group>"; };
		B398DAB11C0678EA00F9F340 /* ContentBlockerRule.swift */ = {isa = PBXFileReference; fileEncoding = 4; lastKnownFileType = sourcecode.swift; path = ContentBlockerRule.swift; sourceTree = "<group>"; };
		B3DFA07E1C06999200A89BC6 /* ContentBlockerTests.swift */ = {isa = PBXFileReference; fileEncoding = 4; lastKnownFileType = sourcecode.swift; path = ContentBlockerTests.swift; sourceTree = "<group>"; };
		B3DFA0801C069B6700A89BC6 /* TestContentBlocker.json */ = {isa = PBXFileReference; fileEncoding = 4; lastKnownFileType = text.json; path = TestContentBlocker.json; sourceTree = "<group>"; };
		B3E37A5C1C18EF8200D30E73 /* FormEnumValueTransform.swift */ = {isa = PBXFileReference; fileEncoding = 4; lastKnownFileType = sourcecode.swift; path = FormEnumValueTransform.swift; sourceTree = "<group>"; };
		B3F42BBB1C066797006D6575 /* Garden Wall.app */ = {isa = PBXFileReference; explicitFileType = wrapper.application; includeInIndex = 0; path = "Garden Wall.app"; sourceTree = BUILT_PRODUCTS_DIR; };
		B3F42BBE1C066797006D6575 /* AppDelegate.swift */ = {isa = PBXFileReference; lastKnownFileType = sourcecode.swift; path = AppDelegate.swift; sourceTree = "<group>"; };
		B3F42BC01C066797006D6575 /* HomeViewController.swift */ = {isa = PBXFileReference; lastKnownFileType = sourcecode.swift; path = HomeViewController.swift; sourceTree = "<group>"; };
		B3F42BC31C066797006D6575 /* Base */ = {isa = PBXFileReference; lastKnownFileType = file.storyboard; name = Base; path = Base.lproj/Main.storyboard; sourceTree = "<group>"; };
		B3F42BC51C066797006D6575 /* Assets.xcassets */ = {isa = PBXFileReference; lastKnownFileType = folder.assetcatalog; path = Assets.xcassets; sourceTree = "<group>"; };
		B3F42BC81C066797006D6575 /* Base */ = {isa = PBXFileReference; lastKnownFileType = file.storyboard; name = Base; path = Base.lproj/LaunchScreen.storyboard; sourceTree = "<group>"; };
		B3F42BCA1C066797006D6575 /* Info.plist */ = {isa = PBXFileReference; lastKnownFileType = text.plist.xml; path = Info.plist; sourceTree = "<group>"; };
		B3F42BCF1C066797006D6575 /* Garden WallTests.xctest */ = {isa = PBXFileReference; explicitFileType = wrapper.cfbundle; includeInIndex = 0; path = "Garden WallTests.xctest"; sourceTree = BUILT_PRODUCTS_DIR; };
		B3F42BD31C066797006D6575 /* Garden_WallTests.swift */ = {isa = PBXFileReference; lastKnownFileType = sourcecode.swift; path = Garden_WallTests.swift; sourceTree = "<group>"; };
		B3F42BD51C066797006D6575 /* Info.plist */ = {isa = PBXFileReference; lastKnownFileType = text.plist.xml; path = Info.plist; sourceTree = "<group>"; };
		B3F42BDA1C066797006D6575 /* Garden WallUITests.xctest */ = {isa = PBXFileReference; explicitFileType = wrapper.cfbundle; includeInIndex = 0; path = "Garden WallUITests.xctest"; sourceTree = BUILT_PRODUCTS_DIR; };
		B3F42BDE1C066797006D6575 /* Garden_WallUITests.swift */ = {isa = PBXFileReference; lastKnownFileType = sourcecode.swift; path = Garden_WallUITests.swift; sourceTree = "<group>"; };
		B3F42BE01C066797006D6575 /* Info.plist */ = {isa = PBXFileReference; lastKnownFileType = text.plist.xml; path = Info.plist; sourceTree = "<group>"; };
		B7324FE3ABA1ACCFE4613234 /* Pods_Garden_Wall.framework */ = {isa = PBXFileReference; explicitFileType = wrapper.framework; includeInIndex = 0; path = Pods_Garden_Wall.framework; sourceTree = BUILT_PRODUCTS_DIR; };
/* End PBXFileReference section */

/* Begin PBXFrameworksBuildPhase section */
		B37EAA331C067245002D3925 /* Frameworks */ = {
			isa = PBXFrameworksBuildPhase;
			buildActionMask = 2147483647;
			files = (
			);
			runOnlyForDeploymentPostprocessing = 0;
		};
		B3F42BB81C066797006D6575 /* Frameworks */ = {
			isa = PBXFrameworksBuildPhase;
			buildActionMask = 2147483647;
			files = (
				C9EA042C342CF7441A0F590D /* Pods_Garden_Wall.framework in Frameworks */,
			);
			runOnlyForDeploymentPostprocessing = 0;
		};
		B3F42BCC1C066797006D6575 /* Frameworks */ = {
			isa = PBXFrameworksBuildPhase;
			buildActionMask = 2147483647;
			files = (
			);
			runOnlyForDeploymentPostprocessing = 0;
		};
		B3F42BD71C066797006D6575 /* Frameworks */ = {
			isa = PBXFrameworksBuildPhase;
			buildActionMask = 2147483647;
			files = (
			);
			runOnlyForDeploymentPostprocessing = 0;
		};
/* End PBXFrameworksBuildPhase section */

/* Begin PBXGroup section */
		3E2DBFBF6698E9C0ECB680B3 /* Frameworks */ = {
			isa = PBXGroup;
			children = (
				B7324FE3ABA1ACCFE4613234 /* Pods_Garden_Wall.framework */,
			);
			name = Frameworks;
			sourceTree = "<group>";
		};
		6918F9DABA309D42A691ECE9 /* Pods */ = {
			isa = PBXGroup;
			children = (
				A1D5BC2C9BF39F466CD7FEEF /* Pods-Garden Wall.debug.xcconfig */,
				1B2D18FCA77B029A10307463 /* Pods-Garden Wall.release.xcconfig */,
			);
			name = Pods;
			sourceTree = "<group>";
		};
		B37EAA371C067245002D3925 /* ContentBlocker */ = {
			isa = PBXGroup;
			children = (
				B336B5BC1C0EC2F200F31DBB /* ContentBlocker.entitlements */,
				B37EAA381C067245002D3925 /* defaultList.json */,
				B37EAA3A1C067245002D3925 /* ActionRequestHandler.swift */,
				B37EAA3C1C067245002D3925 /* Info.plist */,
			);
			path = ContentBlocker;
			sourceTree = "<group>";
		};
		B394EC6C1C1666BD009A1258 /* Factory */ = {
			isa = PBXGroup;
			children = (
				B336B5D21C1150C400F31DBB /* WhitelistRuleFactory.swift */,
				B394EC6A1C1661BE009A1258 /* CustomRuleFactory.swift */,
				B3E37A5C1C18EF8200D30E73 /* FormEnumValueTransform.swift */,
				B380DA271C16B7DA001B30BA /* MergedRulesFileFactory.swift */,
			);
			name = Factory;
			sourceTree = "<group>";
		};
		B394EC6E1C1666EC009A1258 /* Controllers */ = {
			isa = PBXGroup;
			children = (
				B380DA2A1C16D950001B30BA /* FileViewController.swift */,
				B3F42BC01C066797006D6575 /* HomeViewController.swift */,
				B394EC621C13CE8E009A1258 /* CustomRuleViewController.swift */,
				B336B5B31C0D4AE000F31DBB /* WhitelistViewController.swift */,
				B394EC641C13D125009A1258 /* RuleListViewController.swift */,
				B336B5D01C1122EF00F31DBB /* AddWhitelistItemViewController.swift */,
				B394EC681C14EF44009A1258 /* AddItemViewController.swift */,
				B394EC661C14EAC2009A1258 /* AddCustomRuleViewController.swift */,
			);
			name = Controllers;
			sourceTree = "<group>";
		};
		B394EC6F1C166720009A1258 /* Assets */ = {
			isa = PBXGroup;
			children = (
				B336B5BA1C0D681A00F31DBB /* Garden Wall.entitlements */,
				B3F42BC51C066797006D6575 /* Assets.xcassets */,
				B336B5BE1C102C4B00F31DBB /* blockerList.json */,
			);
			name = Assets;
			sourceTree = "<group>";
		};
		B3F42BB21C066797006D6575 = {
			isa = PBXGroup;
			children = (
				B3F42BBD1C066797006D6575 /* Garden Wall */,
				B3F42BD21C066797006D6575 /* Garden WallTests */,
				B3F42BDD1C066797006D6575 /* Garden WallUITests */,
				B37EAA371C067245002D3925 /* ContentBlocker */,
				B3F42BBC1C066797006D6575 /* Products */,
				6918F9DABA309D42A691ECE9 /* Pods */,
				3E2DBFBF6698E9C0ECB680B3 /* Frameworks */,
			);
			sourceTree = "<group>";
			wrapsLines = 0;
		};
		B3F42BBC1C066797006D6575 /* Products */ = {
			isa = PBXGroup;
			children = (
				B3F42BBB1C066797006D6575 /* Garden Wall.app */,
				B3F42BCF1C066797006D6575 /* Garden WallTests.xctest */,
				B3F42BDA1C066797006D6575 /* Garden WallUITests.xctest */,
				B37EAA361C067245002D3925 /* ContentBlocker.appex */,
			);
			name = Products;
			sourceTree = "<group>";
		};
		B3F42BBD1C066797006D6575 /* Garden Wall */ = {
			isa = PBXGroup;
			children = (
				B394EC6F1C166720009A1258 /* Assets */,
				B394EC6E1C1666EC009A1258 /* Controllers */,
				B394EC6C1C1666BD009A1258 /* Factory */,
				B3F42BBE1C066797006D6575 /* AppDelegate.swift */,
				B3F42BC21C066797006D6575 /* Main.storyboard */,
				B3F42BC71C066797006D6575 /* LaunchScreen.storyboard */,
				B3F42BCA1C066797006D6575 /* Info.plist */,
				B398DAAF1C0673C700F9F340 /* ContentBlockerRuleManager.swift */,
				B336B5B71C0D5A7700F31DBB /* ContentBlockerFileManager.swift */,
				B398DAB11C0678EA00F9F340 /* ContentBlockerRule.swift */,
			);
			path = "Garden Wall";
			sourceTree = "<group>";
		};
		B3F42BD21C066797006D6575 /* Garden WallTests */ = {
			isa = PBXGroup;
			children = (
				B336B5D41C11527C00F31DBB /* WhitelistRuleFactoryTests.swift */,
				B3DFA07E1C06999200A89BC6 /* ContentBlockerTests.swift */,
				B3F42BD31C066797006D6575 /* Garden_WallTests.swift */,
				B3F42BD51C066797006D6575 /* Info.plist */,
				B3DFA0801C069B6700A89BC6 /* TestContentBlocker.json */,
				B336B5D71C11538C00F31DBB /* TestWhitelist.json */,
			);
			path = "Garden WallTests";
			sourceTree = "<group>";
		};
		B3F42BDD1C066797006D6575 /* Garden WallUITests */ = {
			isa = PBXGroup;
			children = (
				B3F42BDE1C066797006D6575 /* Garden_WallUITests.swift */,
				B3F42BE01C066797006D6575 /* Info.plist */,
			);
			path = "Garden WallUITests";
			sourceTree = "<group>";
		};
/* End PBXGroup section */

/* Begin PBXNativeTarget section */
		B37EAA351C067245002D3925 /* ContentBlocker */ = {
			isa = PBXNativeTarget;
			buildConfigurationList = B37EAA401C067245002D3925 /* Build configuration list for PBXNativeTarget "ContentBlocker" */;
			buildPhases = (
				B37EAA321C067245002D3925 /* Sources */,
				B37EAA331C067245002D3925 /* Frameworks */,
				B37EAA341C067245002D3925 /* Resources */,
			);
			buildRules = (
			);
			dependencies = (
			);
			name = ContentBlocker;
			productName = ContentBlocker;
			productReference = B37EAA361C067245002D3925 /* ContentBlocker.appex */;
			productType = "com.apple.product-type.app-extension";
		};
		B3F42BBA1C066797006D6575 /* Garden Wall */ = {
			isa = PBXNativeTarget;
			buildConfigurationList = B3F42BE31C066797006D6575 /* Build configuration list for PBXNativeTarget "Garden Wall" */;
			buildPhases = (
				D12533DD3712F6097EFAB797 /* Check Pods Manifest.lock */,
				B3F42BB71C066797006D6575 /* Sources */,
				B3F42BB81C066797006D6575 /* Frameworks */,
				B3F42BB91C066797006D6575 /* Resources */,
				40BC706A3FD712D2988D7982 /* Embed Pods Frameworks */,
				F51B315DD53B3559BB5B711D /* Copy Pods Resources */,
				B37EAA431C067245002D3925 /* Embed App Extensions */,
			);
			buildRules = (
			);
			dependencies = (
				B37EAA3E1C067245002D3925 /* PBXTargetDependency */,
			);
			name = "Garden Wall";
			productName = "Garden Wall";
			productReference = B3F42BBB1C066797006D6575 /* Garden Wall.app */;
			productType = "com.apple.product-type.application";
		};
		B3F42BCE1C066797006D6575 /* Garden WallTests */ = {
			isa = PBXNativeTarget;
			buildConfigurationList = B3F42BE61C066797006D6575 /* Build configuration list for PBXNativeTarget "Garden WallTests" */;
			buildPhases = (
				B3F42BCB1C066797006D6575 /* Sources */,
				B3F42BCC1C066797006D6575 /* Frameworks */,
				B3F42BCD1C066797006D6575 /* Resources */,
			);
			buildRules = (
			);
			dependencies = (
				B3F42BD11C066797006D6575 /* PBXTargetDependency */,
			);
			name = "Garden WallTests";
			productName = "Garden WallTests";
			productReference = B3F42BCF1C066797006D6575 /* Garden WallTests.xctest */;
			productType = "com.apple.product-type.bundle.unit-test";
		};
		B3F42BD91C066797006D6575 /* Garden WallUITests */ = {
			isa = PBXNativeTarget;
			buildConfigurationList = B3F42BE91C066797006D6575 /* Build configuration list for PBXNativeTarget "Garden WallUITests" */;
			buildPhases = (
				B3F42BD61C066797006D6575 /* Sources */,
				B3F42BD71C066797006D6575 /* Frameworks */,
				B3F42BD81C066797006D6575 /* Resources */,
			);
			buildRules = (
			);
			dependencies = (
				B3F42BDC1C066797006D6575 /* PBXTargetDependency */,
			);
			name = "Garden WallUITests";
			productName = "Garden WallUITests";
			productReference = B3F42BDA1C066797006D6575 /* Garden WallUITests.xctest */;
			productType = "com.apple.product-type.bundle.ui-testing";
		};
/* End PBXNativeTarget section */

/* Begin PBXProject section */
		B3F42BB31C066797006D6575 /* Project object */ = {
			isa = PBXProject;
			attributes = {
				LastSwiftUpdateCheck = 0710;
				LastUpgradeCheck = 0710;
				ORGANIZATIONNAME = "Francis Bailey";
				TargetAttributes = {
					B37EAA351C067245002D3925 = {
						CreatedOnToolsVersion = 7.1.1;
						DevelopmentTeam = CWMFTH8DSM;
						SystemCapabilities = {
							com.apple.ApplicationGroups.iOS = {
								enabled = 1;
							};
						};
					};
					B3F42BBA1C066797006D6575 = {
						CreatedOnToolsVersion = 7.1.1;
						DevelopmentTeam = CWMFTH8DSM;
						SystemCapabilities = {
							com.apple.ApplicationGroups.iOS = {
								enabled = 1;
							};
						};
					};
					B3F42BCE1C066797006D6575 = {
						CreatedOnToolsVersion = 7.1.1;
						TestTargetID = B3F42BBA1C066797006D6575;
					};
					B3F42BD91C066797006D6575 = {
						CreatedOnToolsVersion = 7.1.1;
						TestTargetID = B3F42BBA1C066797006D6575;
					};
				};
			};
			buildConfigurationList = B3F42BB61C066797006D6575 /* Build configuration list for PBXProject "Garden Wall" */;
			compatibilityVersion = "Xcode 3.2";
			developmentRegion = English;
			hasScannedForEncodings = 0;
			knownRegions = (
				en,
				Base,
			);
			mainGroup = B3F42BB21C066797006D6575;
			productRefGroup = B3F42BBC1C066797006D6575 /* Products */;
			projectDirPath = "";
			projectRoot = "";
			targets = (
				B3F42BBA1C066797006D6575 /* Garden Wall */,
				B3F42BCE1C066797006D6575 /* Garden WallTests */,
				B3F42BD91C066797006D6575 /* Garden WallUITests */,
				B37EAA351C067245002D3925 /* ContentBlocker */,
			);
		};
/* End PBXProject section */

/* Begin PBXResourcesBuildPhase section */
		B37EAA341C067245002D3925 /* Resources */ = {
			isa = PBXResourcesBuildPhase;
			buildActionMask = 2147483647;
			files = (
				B37EAA391C067245002D3925 /* defaultList.json in Resources */,
			);
			runOnlyForDeploymentPostprocessing = 0;
		};
		B3F42BB91C066797006D6575 /* Resources */ = {
			isa = PBXResourcesBuildPhase;
			buildActionMask = 2147483647;
			files = (
				B3F42BC91C066797006D6575 /* LaunchScreen.storyboard in Resources */,
				B3F42BC61C066797006D6575 /* Assets.xcassets in Resources */,
				B336B5BF1C102C4B00F31DBB /* blockerList.json in Resources */,
				B3F42BC41C066797006D6575 /* Main.storyboard in Resources */,
			);
			runOnlyForDeploymentPostprocessing = 0;
		};
		B3F42BCD1C066797006D6575 /* Resources */ = {
			isa = PBXResourcesBuildPhase;
			buildActionMask = 2147483647;
			files = (
				B3DFA0811C069B6700A89BC6 /* TestContentBlocker.json in Resources */,
				B336B5D81C11538C00F31DBB /* TestWhitelist.json in Resources */,
			);
			runOnlyForDeploymentPostprocessing = 0;
		};
		B3F42BD81C066797006D6575 /* Resources */ = {
			isa = PBXResourcesBuildPhase;
			buildActionMask = 2147483647;
			files = (
			);
			runOnlyForDeploymentPostprocessing = 0;
		};
/* End PBXResourcesBuildPhase section */

/* Begin PBXShellScriptBuildPhase section */
		40BC706A3FD712D2988D7982 /* Embed Pods Frameworks */ = {
			isa = PBXShellScriptBuildPhase;
			buildActionMask = 2147483647;
			files = (
			);
			inputPaths = (
			);
			name = "Embed Pods Frameworks";
			outputPaths = (
			);
			runOnlyForDeploymentPostprocessing = 0;
			shellPath = /bin/sh;
			shellScript = "\"${SRCROOT}/Pods/Target Support Files/Pods-Garden Wall/Pods-Garden Wall-frameworks.sh\"\n";
			showEnvVarsInLog = 0;
		};
		D12533DD3712F6097EFAB797 /* Check Pods Manifest.lock */ = {
			isa = PBXShellScriptBuildPhase;
			buildActionMask = 2147483647;
			files = (
			);
			inputPaths = (
			);
			name = "Check Pods Manifest.lock";
			outputPaths = (
			);
			runOnlyForDeploymentPostprocessing = 0;
			shellPath = /bin/sh;
			shellScript = "diff \"${PODS_ROOT}/../Podfile.lock\" \"${PODS_ROOT}/Manifest.lock\" > /dev/null\nif [[ $? != 0 ]] ; then\n    cat << EOM\nerror: The sandbox is not in sync with the Podfile.lock. Run 'pod install' or update your CocoaPods installation.\nEOM\n    exit 1\nfi\n";
			showEnvVarsInLog = 0;
		};
		F51B315DD53B3559BB5B711D /* Copy Pods Resources */ = {
			isa = PBXShellScriptBuildPhase;
			buildActionMask = 2147483647;
			files = (
			);
			inputPaths = (
			);
			name = "Copy Pods Resources";
			outputPaths = (
			);
			runOnlyForDeploymentPostprocessing = 0;
			shellPath = /bin/sh;
			shellScript = "\"${SRCROOT}/Pods/Target Support Files/Pods-Garden Wall/Pods-Garden Wall-resources.sh\"\n";
			showEnvVarsInLog = 0;
		};
/* End PBXShellScriptBuildPhase section */

/* Begin PBXSourcesBuildPhase section */
		B37EAA321C067245002D3925 /* Sources */ = {
			isa = PBXSourcesBuildPhase;
			buildActionMask = 2147483647;
			files = (
				B336B5BD1C1027F500F31DBB /* ContentBlockerFileManager.swift in Sources */,
				B37EAA3B1C067245002D3925 /* ActionRequestHandler.swift in Sources */,
			);
			runOnlyForDeploymentPostprocessing = 0;
		};
		B3F42BB71C066797006D6575 /* Sources */ = {
			isa = PBXSourcesBuildPhase;
			buildActionMask = 2147483647;
			files = (
				B336B5D11C1122EF00F31DBB /* AddWhitelistItemViewController.swift in Sources */,
				B394EC651C13D125009A1258 /* RuleListViewController.swift in Sources */,
				B380DA2B1C16D950001B30BA /* FileViewController.swift in Sources */,
				B394EC631C13CE8E009A1258 /* CustomRuleViewController.swift in Sources */,
				B398DAB21C0678EA00F9F340 /* ContentBlockerRule.swift in Sources */,
				B336B5D31C1150C400F31DBB /* WhitelistRuleFactory.swift in Sources */,
				B394EC691C14EF44009A1258 /* AddItemViewController.swift in Sources */,
				B3E37A5D1C18EF8200D30E73 /* FormEnumValueTransform.swift in Sources */,
				B3F42BC11C066797006D6575 /* HomeViewController.swift in Sources */,
				B3F42BBF1C066797006D6575 /* AppDelegate.swift in Sources */,
				B380DA281C16B7DA001B30BA /* MergedRulesFileFactory.swift in Sources */,
				B394EC6B1C1661BE009A1258 /* CustomRuleFactory.swift in Sources */,
				B336B5B41C0D4AE000F31DBB /* WhitelistViewController.swift in Sources */,
				B394EC671C14EAC2009A1258 /* AddCustomRuleViewController.swift in Sources */,
				B336B5B81C0D5A7700F31DBB /* ContentBlockerFileManager.swift in Sources */,
				B398DAB01C0673C700F9F340 /* ContentBlockerRuleManager.swift in Sources */,
			);
			runOnlyForDeploymentPostprocessing = 0;
		};
		B3F42BCB1C066797006D6575 /* Sources */ = {
			isa = PBXSourcesBuildPhase;
			buildActionMask = 2147483647;
			files = (
				B336B5D51C11527C00F31DBB /* WhitelistRuleFactoryTests.swift in Sources */,
				B3DFA07F1C06999200A89BC6 /* ContentBlockerTests.swift in Sources */,
				B3DFA07B1C0698EA00A89BC6 /* ContentBlockerRule.swift in Sources */,
				B3DFA07A1C0698DF00A89BC6 /* ContentBlockerRuleManager.swift in Sources */,
				B336B5D61C11529200F31DBB /* WhitelistRuleFactory.swift in Sources */,
				B3F42BD41C066797006D6575 /* Garden_WallTests.swift in Sources */,
			);
			runOnlyForDeploymentPostprocessing = 0;
		};
		B3F42BD61C066797006D6575 /* Sources */ = {
			isa = PBXSourcesBuildPhase;
			buildActionMask = 2147483647;
			files = (
				B3F42BDF1C066797006D6575 /* Garden_WallUITests.swift in Sources */,
			);
			runOnlyForDeploymentPostprocessing = 0;
		};
/* End PBXSourcesBuildPhase section */

/* Begin PBXTargetDependency section */
		B37EAA3E1C067245002D3925 /* PBXTargetDependency */ = {
			isa = PBXTargetDependency;
			target = B37EAA351C067245002D3925 /* ContentBlocker */;
			targetProxy = B37EAA3D1C067245002D3925 /* PBXContainerItemProxy */;
		};
		B3F42BD11C066797006D6575 /* PBXTargetDependency */ = {
			isa = PBXTargetDependency;
			target = B3F42BBA1C066797006D6575 /* Garden Wall */;
			targetProxy = B3F42BD01C066797006D6575 /* PBXContainerItemProxy */;
		};
		B3F42BDC1C066797006D6575 /* PBXTargetDependency */ = {
			isa = PBXTargetDependency;
			target = B3F42BBA1C066797006D6575 /* Garden Wall */;
			targetProxy = B3F42BDB1C066797006D6575 /* PBXContainerItemProxy */;
		};
/* End PBXTargetDependency section */

/* Begin PBXVariantGroup section */
		B3F42BC21C066797006D6575 /* Main.storyboard */ = {
			isa = PBXVariantGroup;
			children = (
				B3F42BC31C066797006D6575 /* Base */,
			);
			name = Main.storyboard;
			sourceTree = "<group>";
		};
		B3F42BC71C066797006D6575 /* LaunchScreen.storyboard */ = {
			isa = PBXVariantGroup;
			children = (
				B3F42BC81C066797006D6575 /* Base */,
			);
			name = LaunchScreen.storyboard;
			sourceTree = "<group>";
		};
/* End PBXVariantGroup section */

/* Begin XCBuildConfiguration section */
		B37EAA411C067245002D3925 /* Debug */ = {
			isa = XCBuildConfiguration;
			buildSettings = {
				ARCHS = "$(ARCHS_STANDARD_64_BIT)";
				CODE_SIGN_ENTITLEMENTS = ContentBlocker/ContentBlocker.entitlements;
				CODE_SIGN_IDENTITY = "iPhone Developer";
				"CODE_SIGN_IDENTITY[sdk=iphoneos*]" = "iPhone Developer";
				INFOPLIST_FILE = ContentBlocker/Info.plist;
				LD_RUNPATH_SEARCH_PATHS = "$(inherited) @executable_path/Frameworks @executable_path/../../Frameworks";
				PRODUCT_BUNDLE_IDENTIFIER = "com.francisbailey.Garden-Wall.ContentBlocker";
				PRODUCT_NAME = "$(TARGET_NAME)";
				PROVISIONING_PROFILE = "";
				SKIP_INSTALL = YES;
			};
			name = Debug;
		};
		B37EAA421C067245002D3925 /* Release */ = {
			isa = XCBuildConfiguration;
			buildSettings = {
				ARCHS = "$(ARCHS_STANDARD_64_BIT)";
				CODE_SIGN_ENTITLEMENTS = ContentBlocker/ContentBlocker.entitlements;
				CODE_SIGN_IDENTITY = "iPhone Developer";
				"CODE_SIGN_IDENTITY[sdk=iphoneos*]" = "iPhone Developer";
				INFOPLIST_FILE = ContentBlocker/Info.plist;
				LD_RUNPATH_SEARCH_PATHS = "$(inherited) @executable_path/Frameworks @executable_path/../../Frameworks";
				PRODUCT_BUNDLE_IDENTIFIER = "com.francisbailey.Garden-Wall.ContentBlocker";
				PRODUCT_NAME = "$(TARGET_NAME)";
				PROVISIONING_PROFILE = "";
				SKIP_INSTALL = YES;
			};
			name = Release;
		};
		B3F42BE11C066797006D6575 /* Debug */ = {
			isa = XCBuildConfiguration;
			buildSettings = {
				ALWAYS_SEARCH_USER_PATHS = NO;
				CLANG_CXX_LANGUAGE_STANDARD = "gnu++0x";
				CLANG_CXX_LIBRARY = "libc++";
				CLANG_ENABLE_MODULES = YES;
				CLANG_ENABLE_OBJC_ARC = YES;
				CLANG_WARN_BOOL_CONVERSION = YES;
				CLANG_WARN_CONSTANT_CONVERSION = YES;
				CLANG_WARN_DIRECT_OBJC_ISA_USAGE = YES_ERROR;
				CLANG_WARN_EMPTY_BODY = YES;
				CLANG_WARN_ENUM_CONVERSION = YES;
				CLANG_WARN_INT_CONVERSION = YES;
				CLANG_WARN_OBJC_ROOT_CLASS = YES_ERROR;
				CLANG_WARN_UNREACHABLE_CODE = YES;
				CLANG_WARN__DUPLICATE_METHOD_MATCH = YES;
				"CODE_SIGN_IDENTITY[sdk=iphoneos*]" = "iPhone Developer";
				COPY_PHASE_STRIP = NO;
				DEBUG_INFORMATION_FORMAT = dwarf;
				EMBEDDED_CONTENT_CONTAINS_SWIFT = NO;
				ENABLE_STRICT_OBJC_MSGSEND = YES;
				ENABLE_TESTABILITY = YES;
				GCC_C_LANGUAGE_STANDARD = gnu99;
				GCC_DYNAMIC_NO_PIC = NO;
				GCC_NO_COMMON_BLOCKS = YES;
				GCC_OPTIMIZATION_LEVEL = 0;
				GCC_PREPROCESSOR_DEFINITIONS = (
					"DEBUG=1",
					"$(inherited)",
				);
				GCC_WARN_64_TO_32_BIT_CONVERSION = YES;
				GCC_WARN_ABOUT_RETURN_TYPE = YES_ERROR;
				GCC_WARN_UNDECLARED_SELECTOR = YES;
				GCC_WARN_UNINITIALIZED_AUTOS = YES_AGGRESSIVE;
				GCC_WARN_UNUSED_FUNCTION = YES;
				GCC_WARN_UNUSED_VARIABLE = YES;
				IPHONEOS_DEPLOYMENT_TARGET = 9.1;
				MTL_ENABLE_DEBUG_INFO = YES;
				ONLY_ACTIVE_ARCH = YES;
				SDKROOT = iphoneos;
				SWIFT_OBJC_BRIDGING_HEADER = "";
				SWIFT_OPTIMIZATION_LEVEL = "-Onone";
				TARGETED_DEVICE_FAMILY = "1,2";
			};
			name = Debug;
		};
		B3F42BE21C066797006D6575 /* Release */ = {
			isa = XCBuildConfiguration;
			buildSettings = {
				ALWAYS_SEARCH_USER_PATHS = NO;
				CLANG_CXX_LANGUAGE_STANDARD = "gnu++0x";
				CLANG_CXX_LIBRARY = "libc++";
				CLANG_ENABLE_MODULES = YES;
				CLANG_ENABLE_OBJC_ARC = YES;
				CLANG_WARN_BOOL_CONVERSION = YES;
				CLANG_WARN_CONSTANT_CONVERSION = YES;
				CLANG_WARN_DIRECT_OBJC_ISA_USAGE = YES_ERROR;
				CLANG_WARN_EMPTY_BODY = YES;
				CLANG_WARN_ENUM_CONVERSION = YES;
				CLANG_WARN_INT_CONVERSION = YES;
				CLANG_WARN_OBJC_ROOT_CLASS = YES_ERROR;
				CLANG_WARN_UNREACHABLE_CODE = YES;
				CLANG_WARN__DUPLICATE_METHOD_MATCH = YES;
				"CODE_SIGN_IDENTITY[sdk=iphoneos*]" = "iPhone Developer";
				COPY_PHASE_STRIP = NO;
				DEBUG_INFORMATION_FORMAT = "dwarf-with-dsym";
				EMBEDDED_CONTENT_CONTAINS_SWIFT = NO;
				ENABLE_NS_ASSERTIONS = NO;
				ENABLE_STRICT_OBJC_MSGSEND = YES;
				GCC_C_LANGUAGE_STANDARD = gnu99;
				GCC_NO_COMMON_BLOCKS = YES;
				GCC_WARN_64_TO_32_BIT_CONVERSION = YES;
				GCC_WARN_ABOUT_RETURN_TYPE = YES_ERROR;
				GCC_WARN_UNDECLARED_SELECTOR = YES;
				GCC_WARN_UNINITIALIZED_AUTOS = YES_AGGRESSIVE;
				GCC_WARN_UNUSED_FUNCTION = YES;
				GCC_WARN_UNUSED_VARIABLE = YES;
				IPHONEOS_DEPLOYMENT_TARGET = 9.1;
				MTL_ENABLE_DEBUG_INFO = NO;
				SDKROOT = iphoneos;
				SWIFT_OBJC_BRIDGING_HEADER = "";
				TARGETED_DEVICE_FAMILY = "1,2";
				VALIDATE_PRODUCT = YES;
			};
			name = Release;
		};
		B3F42BE41C066797006D6575 /* Debug */ = {
			isa = XCBuildConfiguration;
			baseConfigurationReference = A1D5BC2C9BF39F466CD7FEEF /* Pods-Garden Wall.debug.xcconfig */;
			buildSettings = {
				APPLICATION_EXTENSION_API_ONLY = NO;
				ASSETCATALOG_COMPILER_APPICON_NAME = AppIcon;
				CODE_SIGN_ENTITLEMENTS = "Garden Wall/Garden Wall.entitlements";
				CODE_SIGN_IDENTITY = "iPhone Developer";
				"CODE_SIGN_IDENTITY[sdk=iphoneos*]" = "iPhone Developer";
				EMBEDDED_CONTENT_CONTAINS_SWIFT = YES;
				INFOPLIST_FILE = "Garden Wall/Info.plist";
				LD_RUNPATH_SEARCH_PATHS = "$(inherited) @executable_path/Frameworks";
				PRODUCT_BUNDLE_IDENTIFIER = "com.francisbailey.Garden-Wall";
				PRODUCT_NAME = "$(TARGET_NAME)";
				PROVISIONING_PROFILE = "";
				SWIFT_OBJC_BRIDGING_HEADER = "";
			};
			name = Debug;
		};
		B3F42BE51C066797006D6575 /* Release */ = {
			isa = XCBuildConfiguration;
			baseConfigurationReference = 1B2D18FCA77B029A10307463 /* Pods-Garden Wall.release.xcconfig */;
			buildSettings = {
				APPLICATION_EXTENSION_API_ONLY = NO;
				ASSETCATALOG_COMPILER_APPICON_NAME = AppIcon;
				CODE_SIGN_ENTITLEMENTS = "Garden Wall/Garden Wall.entitlements";
				CODE_SIGN_IDENTITY = "iPhone Developer";
				"CODE_SIGN_IDENTITY[sdk=iphoneos*]" = "iPhone Developer";
				EMBEDDED_CONTENT_CONTAINS_SWIFT = YES;
				INFOPLIST_FILE = "Garden Wall/Info.plist";
				LD_RUNPATH_SEARCH_PATHS = "$(inherited) @executable_path/Frameworks";
				PRODUCT_BUNDLE_IDENTIFIER = "com.francisbailey.Garden-Wall";
				PRODUCT_NAME = "$(TARGET_NAME)";
				PROVISIONING_PROFILE = "";
				SWIFT_OBJC_BRIDGING_HEADER = "";
			};
			name = Release;
		};
		B3F42BE71C066797006D6575 /* Debug */ = {
			isa = XCBuildConfiguration;
			buildSettings = {
				BUNDLE_LOADER = "$(TEST_HOST)";
				INFOPLIST_FILE = "Garden WallTests/Info.plist";
				LD_RUNPATH_SEARCH_PATHS = "$(inherited) @executable_path/Frameworks @loader_path/Frameworks";
				PRODUCT_BUNDLE_IDENTIFIER = "com.francisbailey.Garden-WallTests";
				PRODUCT_NAME = "$(TARGET_NAME)";
				TEST_HOST = "$(BUILT_PRODUCTS_DIR)/Garden Wall.app/Garden Wall";
			};
			name = Debug;
		};
		B3F42BE81C066797006D6575 /* Release */ = {
			isa = XCBuildConfiguration;
			buildSettings = {
				BUNDLE_LOADER = "$(TEST_HOST)";
				INFOPLIST_FILE = "Garden WallTests/Info.plist";
				LD_RUNPATH_SEARCH_PATHS = "$(inherited) @executable_path/Frameworks @loader_path/Frameworks";
				PRODUCT_BUNDLE_IDENTIFIER = "com.francisbailey.Garden-WallTests";
				PRODUCT_NAME = "$(TARGET_NAME)";
				TEST_HOST = "$(BUILT_PRODUCTS_DIR)/Garden Wall.app/Garden Wall";
			};
			name = Release;
		};
		B3F42BEA1C066797006D6575 /* Debug */ = {
			isa = XCBuildConfiguration;
			buildSettings = {
				INFOPLIST_FILE = "Garden WallUITests/Info.plist";
				LD_RUNPATH_SEARCH_PATHS = "$(inherited) @executable_path/Frameworks @loader_path/Frameworks";
				PRODUCT_BUNDLE_IDENTIFIER = "com.francisbailey.Garden-WallUITests";
				PRODUCT_NAME = "$(TARGET_NAME)";
				TEST_TARGET_NAME = "Garden Wall";
				USES_XCTRUNNER = YES;
			};
			name = Debug;
		};
		B3F42BEB1C066797006D6575 /* Release */ = {
			isa = XCBuildConfiguration;
			buildSettings = {
				INFOPLIST_FILE = "Garden WallUITests/Info.plist";
				LD_RUNPATH_SEARCH_PATHS = "$(inherited) @executable_path/Frameworks @loader_path/Frameworks";
				PRODUCT_BUNDLE_IDENTIFIER = "com.francisbailey.Garden-WallUITests";
				PRODUCT_NAME = "$(TARGET_NAME)";
				TEST_TARGET_NAME = "Garden Wall";
				USES_XCTRUNNER = YES;
			};
			name = Release;
		};
/* End XCBuildConfiguration section */

/* Begin XCConfigurationList section */
		B37EAA401C067245002D3925 /* Build configuration list for PBXNativeTarget "ContentBlocker" */ = {
			isa = XCConfigurationList;
			buildConfigurations = (
				B37EAA411C067245002D3925 /* Debug */,
				B37EAA421C067245002D3925 /* Release */,
			);
			defaultConfigurationIsVisible = 0;
			defaultConfigurationName = Release;
		};
		B3F42BB61C066797006D6575 /* Build configuration list for PBXProject "Garden Wall" */ = {
			isa = XCConfigurationList;
			buildConfigurations = (
				B3F42BE11C066797006D6575 /* Debug */,
				B3F42BE21C066797006D6575 /* Release */,
			);
			defaultConfigurationIsVisible = 0;
			defaultConfigurationName = Release;
		};
		B3F42BE31C066797006D6575 /* Build configuration list for PBXNativeTarget "Garden Wall" */ = {
			isa = XCConfigurationList;
			buildConfigurations = (
				B3F42BE41C066797006D6575 /* Debug */,
				B3F42BE51C066797006D6575 /* Release */,
			);
			defaultConfigurationIsVisible = 0;
			defaultConfigurationName = Release;
		};
		B3F42BE61C066797006D6575 /* Build configuration list for PBXNativeTarget "Garden WallTests" */ = {
			isa = XCConfigurationList;
			buildConfigurations = (
				B3F42BE71C066797006D6575 /* Debug */,
				B3F42BE81C066797006D6575 /* Release */,
			);
			defaultConfigurationIsVisible = 0;
			defaultConfigurationName = Release;
		};
		B3F42BE91C066797006D6575 /* Build configuration list for PBXNativeTarget "Garden WallUITests" */ = {
			isa = XCConfigurationList;
			buildConfigurations = (
				B3F42BEA1C066797006D6575 /* Debug */,
				B3F42BEB1C066797006D6575 /* Release */,
			);
			defaultConfigurationIsVisible = 0;
			defaultConfigurationName = Release;
		};
/* End XCConfigurationList section */
	};
	rootObject = B3F42BB31C066797006D6575 /* Project object */;
}
